# THIS IS AN AUTOGENERATED FILE. DO NOT EDIT THIS FILE DIRECTLY.
# yarn lockfile v1


import2@^1.0.0:
  version "1.0.3"
  resolved "https://registry.yarnpkg.com/import2/-/import2-1.0.3.tgz#7623f15bb905011d8e97acb1d6eb355531ab7c99"
  integrity sha512-X7KHNp1fovFaiah9Q+njdxXJKIV9/XippWGZwHL9ZdJYnQPBs+4wLd4PuCigbxz2IWNm5YvFycSjRA/1lgmdGw==

mutex-server@^0.3.1:
  version "0.3.1"
  resolved "https://registry.yarnpkg.com/mutex-server/-/mutex-server-0.3.1.tgz#befe5a795dbf572f6a99fc62237082f5ecb4e943"
  integrity sha512-puff3EaEMHZn0jo7kynwP7zbgPhIp7aBgPYpC2V4+WcpT0i9u6leFJWP424vWdGNUTXdXZtHL8ODqYLxD/Tkkw==
  dependencies:
    tgrid "^0.8.5"
    tstl "^2.5.2"

serialize-error@^4.1.0:
  version "4.1.0"
  resolved "https://registry.yarnpkg.com/serialize-error/-/serialize-error-4.1.0.tgz#63e1e33ede20bcd89d9f0528ea4c15fbf0f2b78a"
  integrity sha512-5j9GgyGsP9vV9Uj1S0lDCvlsd+gc2LEPVK7HHHte7IyPwOD4lVQFeaX143gx3U5AnoCi+wbcb3mvaxVysjpxEw==
  dependencies:
    type-fest "^0.3.0"

tgrid@^0.8.5:
  version "0.8.7"
  resolved "https://registry.yarnpkg.com/tgrid/-/tgrid-0.8.7.tgz#ea70a56d80b036fe21eb16bf6c84eb7d278951a1"
  integrity sha512-AJ3ApamDiK+4p5fzcmRMcnjgw+ITYpIkySxsicqoDoPOQbGBVsr0gm3gsb+9ZEEvWmt9Wq1hShzP1m6CV784aA==
  dependencies:
    import2 "^1.0.0"
    serialize-error "^4.1.0"
    tstl "^2.5.3"
    uuid "^3.4.0"
    ws "^7.5.3"

tstl@^2.5.2, tstl@^2.5.3:
  version "2.5.13"
  resolved "https://registry.yarnpkg.com/tstl/-/tstl-2.5.13.tgz#a5a5d27b79a12767e46a08525b3e045c5cdb1180"
  integrity sha512-h9wayHHFI5+yqt8iau0vqH96cTNhezhZ/Fk/hrIdpfkiMu3lg9nzyvMfs5bIdX51IVzZO6DudLqhkL/rVXpT6g==

type-fest@^0.3.0:
  version "0.3.1"
  resolved "https://registry.yarnpkg.com/type-fest/-/type-fest-0.3.1.tgz#63d00d204e059474fe5e1b7c011112bbd1dc29e1"
  integrity sha512-cUGJnCdr4STbePCgqNFbpVNCepa+kAVohJs1sLhxzdH+gnEoOd8VhbYa7pD3zZYGiURWM2xzEII3fQcRizDkYQ==

typescript@^5.1.6:
  version "5.1.6"
  resolved "https://registry.yarnpkg.com/typescript/-/typescript-5.1.6.tgz#02f8ac202b6dad2c0dd5e0913745b47a37998274"
  integrity sha512-zaWCozRZ6DLEWAWFrVDz1H6FVXzUSfTy5FUMWsQlU8Ym5JP9eO4xkTIROFCQvhQf61z6O/G6ugw3SgAnvvm+HA==

uuid@^3.4.0:
  version "3.4.0"
  resolved "https://registry.yarnpkg.com/uuid/-/uuid-3.4.0.tgz#b23e4358afa8a202fe7a100af1f5f883f02007ee"
  integrity sha512-HjSDRw6gZE5JMggctHBcjVak08+KEVhSIiDzFnT9S9aegmp85S/bReBVTb4QTFaRNptJ9kuYaNhnbNEOkbKb/A==

ws@^7.5.3:
  version "7.5.9"
  resolved "https://registry.yarnpkg.com/ws/-/ws-7.5.9.tgz#54fa7db29f4c7cec68b1ddd3a89de099942bb591"
  integrity sha512-F+P9Jil7UiSKSkppIiD94dN07AwvFixvLIj1Og1Rl9GGMuNipJnV9JzjD6XuqmAeiswGvUmNLjr5cFuXwNS77Q==
